
Microsoft Visual Studio Solution File, Format Version 12.00
# Visual Studio Version 17
VisualStudioVersion = 17.11.35303.130
MinimumVisualStudioVersion = 10.0.40219.1
Project("{FAE04EC0-301F-11D3-BF4B-00C04F79EFBC}") = "generateur de mots de  passe", "generateur de mots de  passe.csproj", "{FD32E22F-5402-41B3-82DA-6409454E682A}"
EndProject
Global
	GlobalSection(SolutionConfigurationPlatforms) = preSolution
		Debug|Any CPU = Debug|Any CPU
		Release|Any CPU = Release|Any CPU
	EndGlobalSection
	GlobalSection(ProjectConfigurationPlatforms) = postSolution
		{FD32E22F-5402-41B3-82DA-6409454E682A}.Debug|Any CPU.ActiveCfg = Debug|Any CPU
		{FD32E22F-5402-41B3-82DA-6409454E682A}.Debug|Any CPU.Build.0 = Debug|Any CPU
		{FD32E22F-5402-41B3-82DA-6409454E682A}.Release|Any CPU.ActiveCfg = Release|Any CPU
		{FD32E22F-5402-41B3-82DA-6409454E682A}.Release|Any CPU.Build.0 = Release|Any CPU
	EndGlobalSection
	GlobalSection(SolutionProperties) = preSolution
		HideSolutionNode = FALSE
	EndGlobalSection
	GlobalSection(ExtensibilityGlobals) = postSolution
		SolutionGuid = {C2E964F4-3D6F-4967-AC55-A66211D60B2F}
	EndGlobalSection
EndGlobal
